
Microsoft Visual Studio Solution File, Format Version 12.00
# Visual Studio Version 17
VisualStudioVersion = 17.4.33205.214
MinimumVisualStudioVersion = 10.0.40219.1
Project("{8BC9CEB8-8B4A-11D0-8D11-00A0C91BC942}") = "BOJ_2711", "BOJ_2711.vcxproj", "{943DF96A-16B4-4054-B4F4-7A2CA089CF6B}"
EndProject
Global
	GlobalSection(SolutionConfigurationPlatforms) = preSolution
		Debug|x64 = Debug|x64
		Release|x64 = Release|x64
	EndGlobalSection
	GlobalSection(ProjectConfigurationPlatforms) = postSolution
		{943DF96A-16B4-4054-B4F4-7A2CA089CF6B}.Debug|x64.ActiveCfg = Debug|x64
		{943DF96A-16B4-4054-B4F4-7A2CA089CF6B}.Debug|x64.Build.0 = Debug|x64
		{943DF96A-16B4-4054-B4F4-7A2CA089CF6B}.Release|x64.ActiveCfg = Release|x64
		{943DF96A-16B4-4054-B4F4-7A2CA089CF6B}.Release|x64.Build.0 = Release|x64
	EndGlobalSection
	GlobalSection(SolutionProperties) = preSolution
		HideSolutionNode = FALSE
	EndGlobalSection
	GlobalSection(ExtensibilityGlobals) = postSolution
		SolutionGuid = {706BA837-4A80-4874-88D8-BECDD6EB5E22}
	EndGlobalSection
EndGlobal
